
Microsoft Visual Studio Solution File, Format Version 12.00
# Visual Studio 15
VisualStudioVersion = 15.0.26730.12
MinimumVisualStudioVersion = 10.0.40219.1
Project("{FAE04EC0-301F-11D3-BF4B-00C04F79EFBC}") = "ArrayApplication", "ArrayApplication.csproj", "{E018EE0D-A24B-4A40-A6F5-C0874392C10F}"
EndProject
Global
	GlobalSection(SolutionConfigurationPlatforms) = preSolution
		Debug|Any CPU = Debug|Any CPU
		Release|Any CPU = Release|Any CPU
	EndGlobalSection
	GlobalSection(ProjectConfigurationPlatforms) = postSolution
		{E018EE0D-A24B-4A40-A6F5-C0874392C10F}.Debug|Any CPU.ActiveCfg = Debug|Any CPU
		{E018EE0D-A24B-4A40-A6F5-C0874392C10F}.Debug|Any CPU.Build.0 = Debug|Any CPU
		{E018EE0D-A24B-4A40-A6F5-C0874392C10F}.Release|Any CPU.ActiveCfg = Release|Any CPU
		{E018EE0D-A24B-4A40-A6F5-C0874392C10F}.Release|Any CPU.Build.0 = Release|Any CPU
	EndGlobalSection
	GlobalSection(SolutionProperties) = preSolution
		HideSolutionNode = FALSE
	EndGlobalSection
	GlobalSection(ExtensibilityGlobals) = postSolution
		SolutionGuid = {2ED900D8-DF95-4723-B74D-CF32C1AE9639}
	EndGlobalSection
EndGlobal
